// !$*UTF8*$!
{
	archiveVersion = 1;
	classes = {
	};
	objectVersion = 56;
	objects = {

/* Begin PBXBuildFile section */
		F86DCAF02BF85FED009F982B /* OHTimelineView.swift in Sources */ = {isa = PBXBuildFile; fileRef = F86DCAEF2BF85FED009F982B /* OHTimelineView.swift */; };
		F86DCAF22BF86025009F982B /* OHTimeView.swift in Sources */ = {isa = PBXBuildFile; fileRef = F86DCAF12BF86025009F982B /* OHTimeView.swift */; };
		F86DCAF42BF86067009F982B /* OHTimeSeekBarView.swift in Sources */ = {isa = PBXBuildFile; fileRef = F86DCAF32BF86067009F982B /* OHTimeSeekBarView.swift */; };
		F86DCAF72BF863FF009F982B /* OHTimelineGapTime.swift in Sources */ = {isa = PBXBuildFile; fileRef = F86DCAF62BF863FF009F982B /* OHTimelineGapTime.swift */; };
		F86DCAF92BF86498009F982B /* OHTimelineMode.swift in Sources */ = {isa = PBXBuildFile; fileRef = F86DCAF82BF86498009F982B /* OHTimelineMode.swift */; };
		F89D1A9B2BF3ADFE00968D29 /* AppDelegate.swift in Sources */ = {isa = PBXBuildFile; fileRef = F89D1A9A2BF3ADFE00968D29 /* AppDelegate.swift */; };
		F89D1A9D2BF3ADFE00968D29 /* SceneDelegate.swift in Sources */ = {isa = PBXBuildFile; fileRef = F89D1A9C2BF3ADFE00968D29 /* SceneDelegate.swift */; };
		F89D1A9F2BF3ADFE00968D29 /* ViewController.swift in Sources */ = {isa = PBXBuildFile; fileRef = F89D1A9E2BF3ADFE00968D29 /* ViewController.swift */; };
		F89D1AA22BF3ADFE00968D29 /* Base in Resources */ = {isa = PBXBuildFile; fileRef = F89D1AA12BF3ADFE00968D29 /* Base */; };
		F89D1AA42BF3ADFF00968D29 /* Assets.xcassets in Resources */ = {isa = PBXBuildFile; fileRef = F89D1AA32BF3ADFF00968D29 /* Assets.xcassets */; };
		F89D1AA72BF3ADFF00968D29 /* Base in Resources */ = {isa = PBXBuildFile; fileRef = F89D1AA62BF3ADFF00968D29 /* Base */; };
/* End PBXBuildFile section */

/* Begin PBXFileReference section */
		F86DCAEF2BF85FED009F982B /* OHTimelineView.swift */ = {isa = PBXFileReference; lastKnownFileType = sourcecode.swift; path = OHTimelineView.swift; sourceTree = "<group>"; };
		F86DCAF12BF86025009F982B /* OHTimeView.swift */ = {isa = PBXFileReference; lastKnownFileType = sourcecode.swift; path = OHTimeView.swift; sourceTree = "<group>"; };
		F86DCAF32BF86067009F982B /* OHTimeSeekBarView.swift */ = {isa = PBXFileReference; lastKnownFileType = sourcecode.swift; path = OHTimeSeekBarView.swift; sourceTree = "<group>"; };
		F86DCAF62BF863FF009F982B /* OHTimelineGapTime.swift */ = {isa = PBXFileReference; lastKnownFileType = sourcecode.swift; path = OHTimelineGapTime.swift; sourceTree = "<group>"; };
		F86DCAF82BF86498009F982B /* OHTimelineMode.swift */ = {isa = PBXFileReference; lastKnownFileType = sourcecode.swift; path = OHTimelineMode.swift; sourceTree = "<group>"; };
		F89D1A972BF3ADFE00968D29 /* TestCode.app */ = {isa = PBXFileReference; explicitFileType = wrapper.application; includeInIndex = 0; path = TestCode.app; sourceTree = BUILT_PRODUCTS_DIR; };
		F89D1A9A2BF3ADFE00968D29 /* AppDelegate.swift */ = {isa = PBXFileReference; lastKnownFileType = sourcecode.swift; path = AppDelegate.swift; sourceTree = "<group>"; };
		F89D1A9C2BF3ADFE00968D29 /* SceneDelegate.swift */ = {isa = PBXFileReference; lastKnownFileType = sourcecode.swift; path = SceneDelegate.swift; sourceTree = "<group>"; };
		F89D1A9E2BF3ADFE00968D29 /* ViewController.swift */ = {isa = PBXFileReference; lastKnownFileType = sourcecode.swift; path = ViewController.swift; sourceTree = "<group>"; };
		F89D1AA12BF3ADFE00968D29 /* Base */ = {isa = PBXFileReference; lastKnownFileType = file.storyboard; name = Base; path = Base.lproj/Main.storyboard; sourceTree = "<group>"; };
		F89D1AA32BF3ADFF00968D29 /* Assets.xcassets */ = {isa = PBXFileReference; lastKnownFileType = folder.assetcatalog; path = Assets.xcassets; sourceTree = "<group>"; };
		F89D1AA62BF3ADFF00968D29 /* Base */ = {isa = PBXFileReference; lastKnownFileType = file.storyboard; name = Base; path = Base.lproj/LaunchScreen.storyboard; sourceTree = "<group>"; };
		F89D1AA82BF3ADFF00968D29 /* Info.plist */ = {isa = PBXFileReference; lastKnownFileType = text.plist.xml; path = Info.plist; sourceTree = "<group>"; };
/* End PBXFileReference section */

/* Begin PBXFrameworksBuildPhase section */
		F89D1A942BF3ADFE00968D29 /* Frameworks */ = {
			isa = PBXFrameworksBuildPhase;
			buildActionMask = 2147483647;
			files = (
			);
			runOnlyForDeploymentPostprocessing = 0;
		};
/* End PBXFrameworksBuildPhase section */

/* Begin PBXGroup section */
		F86DCAEE2BF85F97009F982B /* OHTimeSeekBarView */ = {
			isa = PBXGroup;
			children = (
				F86DCAF52BF8639E009F982B /* OHTimelineObject */,
				F86DCAF32BF86067009F982B /* OHTimeSeekBarView.swift */,
				F86DCAEF2BF85FED009F982B /* OHTimelineView.swift */,
				F86DCAF12BF86025009F982B /* OHTimeView.swift */,
			);
			path = OHTimeSeekBarView;
			sourceTree = "<group>";
		};
		F86DCAF52BF8639E009F982B /* OHTimelineObject */ = {
			isa = PBXGroup;
			children = (
				F86DCAF62BF863FF009F982B /* OHTimelineGapTime.swift */,
				F86DCAF82BF86498009F982B /* OHTimelineMode.swift */,
			);
			path = OHTimelineObject;
			sourceTree = "<group>";
		};
		F89D1A8E2BF3ADFE00968D29 = {
			isa = PBXGroup;
			children = (
				F89D1A992BF3ADFE00968D29 /* TestCode */,
				F89D1A982BF3ADFE00968D29 /* Products */,
			);
			sourceTree = "<group>";
		};
		F89D1A982BF3ADFE00968D29 /* Products */ = {
			isa = PBXGroup;
			children = (
				F89D1A972BF3ADFE00968D29 /* TestCode.app */,
			);
			name = Products;
			sourceTree = "<group>";
		};
		F89D1A992BF3ADFE00968D29 /* TestCode */ = {
			isa = PBXGroup;
			children = (
				F86DCAEE2BF85F97009F982B /* OHTimeSeekBarView */,
				F89D1A9A2BF3ADFE00968D29 /* AppDelegate.swift */,
				F89D1A9C2BF3ADFE00968D29 /* SceneDelegate.swift */,
				F89D1A9E2BF3ADFE00968D29 /* ViewController.swift */,
				F89D1AA02BF3ADFE00968D29 /* Main.storyboard */,
				F89D1AA32BF3ADFF00968D29 /* Assets.xcassets */,
				F89D1AA52BF3ADFF00968D29 /* LaunchScreen.storyboard */,
				F89D1AA82BF3ADFF00968D29 /* Info.plist */,
			);
			path = TestCode;
			sourceTree = "<group>";
		};
/* End PBXGroup section */

/* Begin PBXNativeTarget section */
		F89D1A962BF3ADFE00968D29 /* TestCode */ = {
			isa = PBXNativeTarget;
			buildConfigurationList = F89D1AAB2BF3ADFF00968D29 /* Build configuration list for PBXNativeTarget "TestCode" */;
			buildPhases = (
				F89D1A932BF3ADFE00968D29 /* Sources */,
				F89D1A942BF3ADFE00968D29 /* Frameworks */,
				F89D1A952BF3ADFE00968D29 /* Resources */,
			);
			buildRules = (
			);
			dependencies = (
			);
			name = TestCode;
			productName = TestCode;
			productReference = F89D1A972BF3ADFE00968D29 /* TestCode.app */;
			productType = "com.apple.product-type.application";
		};
/* End PBXNativeTarget section */

/* Begin PBXProject section */
		F89D1A8F2BF3ADFE00968D29 /* Project object */ = {
			isa = PBXProject;
			attributes = {
				BuildIndependentTargetsInParallel = 1;
				LastSwiftUpdateCheck = 1530;
				LastUpgradeCheck = 1530;
				TargetAttributes = {
					F89D1A962BF3ADFE00968D29 = {
						CreatedOnToolsVersion = 15.3;
					};
				};
			};
			buildConfigurationList = F89D1A922BF3ADFE00968D29 /* Build configuration list for PBXProject "TestCode" */;
			compatibilityVersion = "Xcode 14.0";
			developmentRegion = en;
			hasScannedForEncodings = 0;
			knownRegions = (
				en,
				Base,
			);
			mainGroup = F89D1A8E2BF3ADFE00968D29;
			productRefGroup = F89D1A982BF3ADFE00968D29 /* Products */;
			projectDirPath = "";
			projectRoot = "";
			targets = (
				F89D1A962BF3ADFE00968D29 /* TestCode */,
			);
		};
/* End PBXProject section */

/* Begin PBXResourcesBuildPhase section */
		F89D1A952BF3ADFE00968D29 /* Resources */ = {
			isa = PBXResourcesBuildPhase;
			buildActionMask = 2147483647;
			files = (
				F89D1AA42BF3ADFF00968D29 /* Assets.xcassets in Resources */,
				F89D1AA72BF3ADFF00968D29 /* Base in Resources */,
				F89D1AA22BF3ADFE00968D29 /* Base in Resources */,
			);
			runOnlyForDeploymentPostprocessing = 0;
		};
/* End PBXResourcesBuildPhase section */

/* Begin PBXSourcesBuildPhase section */
		F89D1A932BF3ADFE00968D29 /* Sources */ = {
			isa = PBXSourcesBuildPhase;
			buildActionMask = 2147483647;
			files = (
				F86DCAF02BF85FED009F982B /* OHTimelineView.swift in Sources */,
				F89D1A9F2BF3ADFE00968D29 /* ViewController.swift in Sources */,
				F86DCAF92BF86498009F982B /* OHTimelineMode.swift in Sources */,
				F86DCAF42BF86067009F982B /* OHTimeSeekBarView.swift in Sources */,
				F89D1A9B2BF3ADFE00968D29 /* AppDelegate.swift in Sources */,
				F86DCAF72BF863FF009F982B /* OHTimelineGapTime.swift in Sources */,
				F89D1A9D2BF3ADFE00968D29 /* SceneDelegate.swift in Sources */,
				F86DCAF22BF86025009F982B /* OHTimeView.swift in Sources */,
			);
			runOnlyForDeploymentPostprocessing = 0;
		};
/* End PBXSourcesBuildPhase section */

/* Begin PBXVariantGroup section */
		F89D1AA02BF3ADFE00968D29 /* Main.storyboard */ = {
			isa = PBXVariantGroup;
			children = (
				F89D1AA12BF3ADFE00968D29 /* Base */,
			);
			name = Main.storyboard;
			sourceTree = "<group>";
		};
		F89D1AA52BF3ADFF00968D29 /* LaunchScreen.storyboard */ = {
			isa = PBXVariantGroup;
			children = (
				F89D1AA62BF3ADFF00968D29 /* Base */,
			);
			name = LaunchScreen.storyboard;
			sourceTree = "<group>";
		};
/* End PBXVariantGroup section */

/* Begin XCBuildConfiguration section */
		F89D1AA92BF3ADFF00968D29 /* Debug */ = {
			isa = XCBuildConfiguration;
			buildSettings = {
				ALWAYS_SEARCH_USER_PATHS = NO;
				ASSETCATALOG_COMPILER_GENERATE_SWIFT_ASSET_SYMBOL_EXTENSIONS = YES;
				CLANG_ANALYZER_NONNULL = YES;
				CLANG_ANALYZER_NUMBER_OBJECT_CONVERSION = YES_AGGRESSIVE;
				CLANG_CXX_LANGUAGE_STANDARD = "gnu++20";
				CLANG_ENABLE_MODULES = YES;
				CLANG_ENABLE_OBJC_ARC = YES;
				CLANG_ENABLE_OBJC_WEAK = YES;
				CLANG_WARN_BLOCK_CAPTURE_AUTORELEASING = YES;
				CLANG_WARN_BOOL_CONVERSION = YES;
				CLANG_WARN_COMMA = YES;
				CLANG_WARN_CONSTANT_CONVERSION = YES;
				CLANG_WARN_DEPRECATED_OBJC_IMPLEMENTATIONS = YES;
				CLANG_WARN_DIRECT_OBJC_ISA_USAGE = YES_ERROR;
				CLANG_WARN_DOCUMENTATION_COMMENTS = YES;
				CLANG_WARN_EMPTY_BODY = YES;
				CLANG_WARN_ENUM_CONVERSION = YES;
				CLANG_WARN_INFINITE_RECURSION = YES;
				CLANG_WARN_INT_CONVERSION = YES;
				CLANG_WARN_NON_LITERAL_NULL_CONVERSION = YES;
				CLANG_WARN_OBJC_IMPLICIT_RETAIN_SELF = YES;
				CLANG_WARN_OBJC_LITERAL_CONVERSION = YES;
				CLANG_WARN_OBJC_ROOT_CLASS = YES_ERROR;
				CLANG_WARN_QUOTED_INCLUDE_IN_FRAMEWORK_HEADER = YES;
				CLANG_WARN_RANGE_LOOP_ANALYSIS = YES;
				CLANG_WARN_STRICT_PROTOTYPES = YES;
				CLANG_WARN_SUSPICIOUS_MOVE = YES;
				CLANG_WARN_UNGUARDED_AVAILABILITY = YES_AGGRESSIVE;
				CLANG_WARN_UNREACHABLE_CODE = YES;
				CLANG_WARN__DUPLICATE_METHOD_MATCH = YES;
				COPY_PHASE_STRIP = NO;
				DEBUG_INFORMATION_FORMAT = dwarf;
				ENABLE_STRICT_OBJC_MSGSEND = YES;
				ENABLE_TESTABILITY = YES;
				ENABLE_USER_SCRIPT_SANDBOXING = YES;
				GCC_C_LANGUAGE_STANDARD = gnu17;
				GCC_DYNAMIC_NO_PIC = NO;
				GCC_NO_COMMON_BLOCKS = YES;
				GCC_OPTIMIZATION_LEVEL = 0;
				GCC_PREPROCESSOR_DEFINITIONS = (
					"DEBUG=1",
					"$(inherited)",
				);
				GCC_WARN_64_TO_32_BIT_CONVERSION = YES;
				GCC_WARN_ABOUT_RETURN_TYPE = YES_ERROR;
				GCC_WARN_UNDECLARED_SELECTOR = YES;
				GCC_WARN_UNINITIALIZED_AUTOS = YES_AGGRESSIVE;
				GCC_WARN_UNUSED_FUNCTION = YES;
				GCC_WARN_UNUSED_VARIABLE = YES;
				IPHONEOS_DEPLOYMENT_TARGET = 17.0;
				LOCALIZATION_PREFERS_STRING_CATALOGS = YES;
				MTL_ENABLE_DEBUG_INFO = INCLUDE_SOURCE;
				MTL_FAST_MATH = YES;
				ONLY_ACTIVE_ARCH = YES;
				SDKROOT = iphoneos;
				SWIFT_ACTIVE_COMPILATION_CONDITIONS = "DEBUG $(inherited)";
				SWIFT_OPTIMIZATION_LEVEL = "-Onone";
			};
			name = Debug;
		};
		F89D1AAA2BF3ADFF00968D29 /* Release */ = {
			isa = XCBuildConfiguration;
			buildSettings = {
				ALWAYS_SEARCH_USER_PATHS = NO;
				ASSETCATALOG_COMPILER_GENERATE_SWIFT_ASSET_SYMBOL_EXTENSIONS = YES;
				CLANG_ANALYZER_NONNULL = YES;
				CLANG_ANALYZER_NUMBER_OBJECT_CONVERSION = YES_AGGRESSIVE;
				CLANG_CXX_LANGUAGE_STANDARD = "gnu++20";
				CLANG_ENABLE_MODULES = YES;
				CLANG_ENABLE_OBJC_ARC = YES;
				CLANG_ENABLE_OBJC_WEAK = YES;
				CLANG_WARN_BLOCK_CAPTURE_AUTORELEASING = YES;
				CLANG_WARN_BOOL_CONVERSION = YES;
				CLANG_WARN_COMMA = YES;
				CLANG_WARN_CONSTANT_CONVERSION = YES;
				CLANG_WARN_DEPRECATED_OBJC_IMPLEMENTATIONS = YES;
				CLANG_WARN_DIRECT_OBJC_ISA_USAGE = YES_ERROR;
				CLANG_WARN_DOCUMENTATION_COMMENTS = YES;
				CLANG_WARN_EMPTY_BODY = YES;
				CLANG_WARN_ENUM_CONVERSION = YES;
				CLANG_WARN_INFINITE_RECURSION = YES;
				CLANG_WARN_INT_CONVERSION = YES;
				CLANG_WARN_NON_LITERAL_NULL_CONVERSION = YES;
				CLANG_WARN_OBJC_IMPLICIT_RETAIN_SELF = YES;
				CLANG_WARN_OBJC_LITERAL_CONVERSION = YES;
				CLANG_WARN_OBJC_ROOT_CLASS = YES_ERROR;
				CLANG_WARN_QUOTED_INCLUDE_IN_FRAMEWORK_HEADER = YES;
				CLANG_WARN_RANGE_LOOP_ANALYSIS = YES;
				CLANG_WARN_STRICT_PROTOTYPES = YES;
				CLANG_WARN_SUSPICIOUS_MOVE = YES;
				CLANG_WARN_UNGUARDED_AVAILABILITY = YES_AGGRESSIVE;
				CLANG_WARN_UNREACHABLE_CODE = YES;
				CLANG_WARN__DUPLICATE_METHOD_MATCH = YES;
				COPY_PHASE_STRIP = NO;
				DEBUG_INFORMATION_FORMAT = "dwarf-with-dsym";
				ENABLE_NS_ASSERTIONS = NO;
				ENABLE_STRICT_OBJC_MSGSEND = YES;
				ENABLE_USER_SCRIPT_SANDBOXING = YES;
				GCC_C_LANGUAGE_STANDARD = gnu17;
				GCC_NO_COMMON_BLOCKS = YES;
				GCC_WARN_64_TO_32_BIT_CONVERSION = YES;
				GCC_WARN_ABOUT_RETURN_TYPE = YES_ERROR;
				GCC_WARN_UNDECLARED_SELECTOR = YES;
				GCC_WARN_UNINITIALIZED_AUTOS = YES_AGGRESSIVE;
				GCC_WARN_UNUSED_FUNCTION = YES;
				GCC_WARN_UNUSED_VARIABLE = YES;
				IPHONEOS_DEPLOYMENT_TARGET = 17.0;
				LOCALIZATION_PREFERS_STRING_CATALOGS = YES;
				MTL_ENABLE_DEBUG_INFO = NO;
				MTL_FAST_MATH = YES;
				SDKROOT = iphoneos;
				SWIFT_COMPILATION_MODE = wholemodule;
				VALIDATE_PRODUCT = YES;
			};
			name = Release;
		};
		F89D1AAC2BF3ADFF00968D29 /* Debug */ = {
			isa = XCBuildConfiguration;
			buildSettings = {
				ASSETCATALOG_COMPILER_APPICON_NAME = AppIcon;
				ASSETCATALOG_COMPILER_GLOBAL_ACCENT_COLOR_NAME = AccentColor;
				CODE_SIGN_STYLE = Automatic;
				CURRENT_PROJECT_VERSION = 1;
				DEVELOPMENT_TEAM = UZVJXS2K9J;
				GENERATE_INFOPLIST_FILE = YES;
				INFOPLIST_FILE = TestCode/Info.plist;
				INFOPLIST_KEY_UIApplicationSupportsIndirectInputEvents = YES;
				INFOPLIST_KEY_UILaunchStoryboardName = LaunchScreen;
				INFOPLIST_KEY_UIMainStoryboardFile = Main;
				INFOPLIST_KEY_UISupportedInterfaceOrientations_iPad = "UIInterfaceOrientationPortrait UIInterfaceOrientationPortraitUpsideDown UIInterfaceOrientationLandscapeLeft UIInterfaceOrientationLandscapeRight";
				INFOPLIST_KEY_UISupportedInterfaceOrientations_iPhone = "UIInterfaceOrientationPortrait UIInterfaceOrientationLandscapeLeft UIInterfaceOrientationLandscapeRight";
				IPHONEOS_DEPLOYMENT_TARGET = 17.0;
				LD_RUNPATH_SEARCH_PATHS = (
					"$(inherited)",
					"@executable_path/Frameworks",
				);
				MARKETING_VERSION = 1.0;
				PRODUCT_BUNDLE_IDENTIFIER = com.tuanem.TestCode;
				PRODUCT_NAME = "$(TARGET_NAME)";
				SWIFT_EMIT_LOC_STRINGS = YES;
				SWIFT_VERSION = 5.0;
				TARGETED_DEVICE_FAMILY = "1,2";
			};
			name = Debug;
		};
		F89D1AAD2BF3ADFF00968D29 /* Release */ = {
			isa = XCBuildConfiguration;
			buildSettings = {
				ASSETCATALOG_COMPILER_APPICON_NAME = AppIcon;
				ASSETCATALOG_COMPILER_GLOBAL_ACCENT_COLOR_NAME = AccentColor;
				CODE_SIGN_STYLE = Automatic;
				CURRENT_PROJECT_VERSION = 1;
				DEVELOPMENT_TEAM = UZVJXS2K9J;
				GENERATE_INFOPLIST_FILE = YES;
				INFOPLIST_FILE = TestCode/Info.plist;
				INFOPLIST_KEY_UIApplicationSupportsIndirectInputEvents = YES;
				INFOPLIST_KEY_UILaunchStoryboardName = LaunchScreen;
				INFOPLIST_KEY_UIMainStoryboardFile = Main;
				INFOPLIST_KEY_UISupportedInterfaceOrientations_iPad = "UIInterfaceOrientationPortrait UIInterfaceOrientationPortraitUpsideDown UIInterfaceOrientationLandscapeLeft UIInterfaceOrientationLandscapeRight";
				INFOPLIST_KEY_UISupportedInterfaceOrientations_iPhone = "UIInterfaceOrientationPortrait UIInterfaceOrientationLandscapeLeft UIInterfaceOrientationLandscapeRight";
				IPHONEOS_DEPLOYMENT_TARGET = 17.0;
				LD_RUNPATH_SEARCH_PATHS = (
					"$(inherited)",
					"@executable_path/Frameworks",
				);
				MARKETING_VERSION = 1.0;
				PRODUCT_BUNDLE_IDENTIFIER = com.tuanem.TestCode;
				PRODUCT_NAME = "$(TARGET_NAME)";
				SWIFT_EMIT_LOC_STRINGS = YES;
				SWIFT_VERSION = 5.0;
				TARGETED_DEVICE_FAMILY = "1,2";
			};
			name = Release;
		};
/* End XCBuildConfiguration section */

/* Begin XCConfigurationList section */
		F89D1A922BF3ADFE00968D29 /* Build configuration list for PBXProject "TestCode" */ = {
			isa = XCConfigurationList;
			buildConfigurations = (
				F89D1AA92BF3ADFF00968D29 /* Debug */,
				F89D1AAA2BF3ADFF00968D29 /* Release */,
			);
			defaultConfigurationIsVisible = 0;
			defaultConfigurationName = Release;
		};
		F89D1AAB2BF3ADFF00968D29 /* Build configuration list for PBXNativeTarget "TestCode" */ = {
			isa = XCConfigurationList;
			buildConfigurations = (
				F89D1AAC2BF3ADFF00968D29 /* Debug */,
				F89D1AAD2BF3ADFF00968D29 /* Release */,
			);
			defaultConfigurationIsVisible = 0;
			defaultConfigurationName = Release;
		};
/* End XCConfigurationList section */
	};
	rootObject = F89D1A8F2BF3ADFE00968D29 /* Project object */;
}
